// !$*UTF8*$!
{
	archiveVersion = 1;
	classes = {
	};
	objectVersion = 46;
	objects = {

/* Begin PBXBuildFile section */
		8545B4B51C609F25008F2624 /* AppDelegate.swift in Sources */ = {isa = PBXBuildFile; fileRef = 8545B4B41C609F25008F2624 /* AppDelegate.swift */; };
		8545B4B71C609F25008F2624 /* GameController.swift in Sources */ = {isa = PBXBuildFile; fileRef = 8545B4B61C609F25008F2624 /* GameController.swift */; };
		8545B4BA1C609F25008F2624 /* Main.storyboard in Resources */ = {isa = PBXBuildFile; fileRef = 8545B4B81C609F25008F2624 /* Main.storyboard */; };
		8545B4BC1C609F25008F2624 /* Assets.xcassets in Resources */ = {isa = PBXBuildFile; fileRef = 8545B4BB1C609F25008F2624 /* Assets.xcassets */; };
		8545B4BF1C609F25008F2624 /* LaunchScreen.storyboard in Resources */ = {isa = PBXBuildFile; fileRef = 8545B4BD1C609F25008F2624 /* LaunchScreen.storyboard */; };
		8564962F1C653FB4002A3DFC /* SetSelfieController.swift in Sources */ = {isa = PBXBuildFile; fileRef = 8564962E1C653FB4002A3DFC /* SetSelfieController.swift */; };
		856496321C65429F002A3DFC /* DefaultKeys.swift in Sources */ = {isa = PBXBuildFile; fileRef = 856496311C65429F002A3DFC /* DefaultKeys.swift */; };
		856F0D441C67425A0079E46D /* HowToSlayCell.xib in Resources */ = {isa = PBXBuildFile; fileRef = 856F0D431C67425A0079E46D /* HowToSlayCell.xib */; };
		856F0D461C67436A0079E46D /* HowToSlayCell.swift in Sources */ = {isa = PBXBuildFile; fileRef = 856F0D451C67436A0079E46D /* HowToSlayCell.swift */; };
		856F0D4A1C6760800079E46D /* SelfieSlayingSchoolController.swift in Sources */ = {isa = PBXBuildFile; fileRef = 856F0D491C6760800079E46D /* SelfieSlayingSchoolController.swift */; };
		856F0D4C1C6761CE0079E46D /* SelfieSalyingWeaponDescription.swift in Sources */ = {isa = PBXBuildFile; fileRef = 856F0D4B1C6761CE0079E46D /* SelfieSalyingWeaponDescription.swift */; };
		856F0D4E1C677F800079E46D /* SupremeSlayerCell.swift in Sources */ = {isa = PBXBuildFile; fileRef = 856F0D4D1C677F800079E46D /* SupremeSlayerCell.swift */; };
		856F0D501C677FF10079E46D /* SupremeSlayerCell.xib in Resources */ = {isa = PBXBuildFile; fileRef = 856F0D4F1C677FF10079E46D /* SupremeSlayerCell.xib */; };
		856F0D541C678E220079E46D /* 8bit.ttf in Resources */ = {isa = PBXBuildFile; fileRef = 856F0D521C678E220079E46D /* 8bit.ttf */; };
		856F0D551C678E220079E46D /* CrimesTimesSix.ttf in Resources */ = {isa = PBXBuildFile; fileRef = 856F0D531C678E220079E46D /* CrimesTimesSix.ttf */; };
		856F0D571C6790BB0079E46D /* PixelOperatorMono8.ttf in Resources */ = {isa = PBXBuildFile; fileRef = 856F0D561C6790BB0079E46D /* PixelOperatorMono8.ttf */; };
		856F0D591C67912C0079E46D /* PixelOperator.ttf in Resources */ = {isa = PBXBuildFile; fileRef = 856F0D581C67912C0079E46D /* PixelOperator.ttf */; };
		856F0D731C67AE170079E46D /* DCBaseButton.swift in Sources */ = {isa = PBXBuildFile; fileRef = 856F0D5D1C67AE170079E46D /* DCBaseButton.swift */; };
		856F0D741C67AE170079E46D /* DCBorderedButton.swift in Sources */ = {isa = PBXBuildFile; fileRef = 856F0D5E1C67AE170079E46D /* DCBorderedButton.swift */; };
		856F0D751C67AE170079E46D /* DCRoundedButton.swift in Sources */ = {isa = PBXBuildFile; fileRef = 856F0D5F1C67AE170079E46D /* DCRoundedButton.swift */; };
		856F0D761C67AE170079E46D /* DCBaseLabel.swift in Sources */ = {isa = PBXBuildFile; fileRef = 856F0D611C67AE170079E46D /* DCBaseLabel.swift */; };
		856F0D771C67AE170079E46D /* DCBaseTextField.swift in Sources */ = {isa = PBXBuildFile; fileRef = 856F0D631C67AE170079E46D /* DCBaseTextField.swift */; };
		856F0D781C67AE170079E46D /* DCBorderedTextField.swift in Sources */ = {isa = PBXBuildFile; fileRef = 856F0D641C67AE170079E46D /* DCBorderedTextField.swift */; };
		856F0D791C67AE170079E46D /* DCMandatoryEmailTextField.swift in Sources */ = {isa = PBXBuildFile; fileRef = 856F0D651C67AE170079E46D /* DCMandatoryEmailTextField.swift */; };
		856F0D7A1C67AE170079E46D /* DCMandatoryNumberTextField.swift in Sources */ = {isa = PBXBuildFile; fileRef = 856F0D661C67AE170079E46D /* DCMandatoryNumberTextField.swift */; };
		856F0D7B1C67AE170079E46D /* DCMandatoryTextField.swift in Sources */ = {isa = PBXBuildFile; fileRef = 856F0D671C67AE170079E46D /* DCMandatoryTextField.swift */; };
		856F0D7C1C67AE170079E46D /* DCPickerTextField.swift in Sources */ = {isa = PBXBuildFile; fileRef = 856F0D681C67AE170079E46D /* DCPickerTextField.swift */; };
		856F0D7D1C67AE170079E46D /* DCBaseTextView.swift in Sources */ = {isa = PBXBuildFile; fileRef = 856F0D6A1C67AE170079E46D /* DCBaseTextView.swift */; };
		856F0D7E1C67AE170079E46D /* DCBorderedTextView.swift in Sources */ = {isa = PBXBuildFile; fileRef = 856F0D6B1C67AE170079E46D /* DCBorderedTextView.swift */; };
		856F0D7F1C67AE170079E46D /* DCPlaceholderTextView.swift in Sources */ = {isa = PBXBuildFile; fileRef = 856F0D6C1C67AE170079E46D /* DCPlaceholderTextView.swift */; };
		856F0D801C67AE170079E46D /* DCBaseView.swift in Sources */ = {isa = PBXBuildFile; fileRef = 856F0D6E1C67AE170079E46D /* DCBaseView.swift */; };
		856F0D811C67AE170079E46D /* DCBorderedView.swift in Sources */ = {isa = PBXBuildFile; fileRef = 856F0D6F1C67AE170079E46D /* DCBorderedView.swift */; };
		856F0D821C67AE170079E46D /* DCCircleView.swift in Sources */ = {isa = PBXBuildFile; fileRef = 856F0D701C67AE170079E46D /* DCCircleView.swift */; };
		856F0D831C67AE170079E46D /* DCDashedBorderedView.swift in Sources */ = {isa = PBXBuildFile; fileRef = 856F0D711C67AE170079E46D /* DCDashedBorderedView.swift */; };
		856F0D841C67AE170079E46D /* DCHairlineView.swift in Sources */ = {isa = PBXBuildFile; fileRef = 856F0D721C67AE170079E46D /* DCHairlineView.swift */; };
		856F0D861C67BD460079E46D /* Exrensions.swift in Sources */ = {isa = PBXBuildFile; fileRef = 856F0D851C67BD460079E46D /* Exrensions.swift */; };
		856F0D8C1C67DC530079E46D /* selfie-sprite-brown.pdf in Resources */ = {isa = PBXBuildFile; fileRef = 856F0D881C67DC530079E46D /* selfie-sprite-brown.pdf */; };
		856F0D8D1C67DC530079E46D /* selfie-sprite-gray.pdf in Resources */ = {isa = PBXBuildFile; fileRef = 856F0D891C67DC530079E46D /* selfie-sprite-gray.pdf */; };
		856F0D8E1C67DC530079E46D /* selfie-sprite-yellow.pdf in Resources */ = {isa = PBXBuildFile; fileRef = 856F0D8A1C67DC530079E46D /* selfie-sprite-yellow.pdf */; };
		856F0D921C67E41B0079E46D /* selfie-sprite-black.png in Resources */ = {isa = PBXBuildFile; fileRef = 856F0D911C67E41B0079E46D /* selfie-sprite-black.png */; };
		856F0D941C67E9E70079E46D /* selfie-sprite-black-cut.png in Resources */ = {isa = PBXBuildFile; fileRef = 856F0D931C67E9E70079E46D /* selfie-sprite-black-cut.png */; };
		856F0D961C67EE0E0079E46D /* selfie-torso-sprite-black.png in Resources */ = {isa = PBXBuildFile; fileRef = 856F0D951C67EE0E0079E46D /* selfie-torso-sprite-black.png */; };
		856F0D9A1C67F0320079E46D /* selfie-torso-sprite-brown.png in Resources */ = {isa = PBXBuildFile; fileRef = 856F0D971C67F0320079E46D /* selfie-torso-sprite-brown.png */; };
		856F0D9B1C67F0320079E46D /* selfie-torso-sprite-gray.png in Resources */ = {isa = PBXBuildFile; fileRef = 856F0D981C67F0320079E46D /* selfie-torso-sprite-gray.png */; };
		856F0D9C1C67F0320079E46D /* selfie-torso-sprite-yellow.png in Resources */ = {isa = PBXBuildFile; fileRef = 856F0D991C67F0320079E46D /* selfie-torso-sprite-yellow.png */; };
		85752FD51C62A84C00F38513 /* hearts-sprite.png in Resources */ = {isa = PBXBuildFile; fileRef = 85752FD41C62A84C00F38513 /* hearts-sprite.png */; };
		85791B5E1C61011D0087E258 /* LivesStatusBar.xib in Resources */ = {isa = PBXBuildFile; fileRef = 85791B5D1C61011D0087E258 /* LivesStatusBar.xib */; };
		85791B601C6101790087E258 /* LivesStatusBar.swift in Sources */ = {isa = PBXBuildFile; fileRef = 85791B5F1C6101790087E258 /* LivesStatusBar.swift */; };
		85791B641C6118080087E258 /* GranadesStatusBar.xib in Resources */ = {isa = PBXBuildFile; fileRef = 85791B631C6118080087E258 /* GranadesStatusBar.xib */; };
		85791B671C61193A0087E258 /* GranadesStatusBar.swift in Sources */ = {isa = PBXBuildFile; fileRef = 85791B661C61193A0087E258 /* GranadesStatusBar.swift */; };
		85791B6D1C61589D0087E258 /* bang-sprite.png in Resources */ = {isa = PBXBuildFile; fileRef = 85791B6C1C61589D0087E258 /* bang-sprite.png */; };
		85913CCD1C638CA00001F8F1 /* Selfie.swift in Sources */ = {isa = PBXBuildFile; fileRef = 85913CCC1C638CA00001F8F1 /* Selfie.swift */; };
		85C579CE1C64DA6800C7002A /* Utils.swift in Sources */ = {isa = PBXBuildFile; fileRef = 85C579CD1C64DA6800C7002A /* Utils.swift */; };
		85C579D01C64EE0500C7002A /* selfie-bang-sprite.png in Resources */ = {isa = PBXBuildFile; fileRef = 85C579CF1C64EE0500C7002A /* selfie-bang-sprite.png */; };
		85D1B29C1C6619A0005DC10B /* SupremeSelfieSlayersController.swift in Sources */ = {isa = PBXBuildFile; fileRef = 85D1B29B1C6619A0005DC10B /* SupremeSelfieSlayersController.swift */; };
		85D1B29E1C6619BD005DC10B /* GameOverController.swift in Sources */ = {isa = PBXBuildFile; fileRef = 85D1B29D1C6619BD005DC10B /* GameOverController.swift */; };
		85D1B2A21C664E94005DC10B /* Bolts.framework in Frameworks */ = {isa = PBXBuildFile; fileRef = 85D1B29F1C664E94005DC10B /* Bolts.framework */; };
		85D1B2A31C664E94005DC10B /* Parse.framework in Frameworks */ = {isa = PBXBuildFile; fileRef = 85D1B2A01C664E94005DC10B /* Parse.framework */; };
		85D1B2A41C664E94005DC10B /* ParseFacebookUtils.framework in Frameworks */ = {isa = PBXBuildFile; fileRef = 85D1B2A11C664E94005DC10B /* ParseFacebookUtils.framework */; };
		85D1B2B01C664F5D005DC10B /* AudioToolbox.framework in Frameworks */ = {isa = PBXBuildFile; fileRef = 85D1B2A61C664F5D005DC10B /* AudioToolbox.framework */; };
		85D1B2B11C664F5D005DC10B /* CFNetwork.framework in Frameworks */ = {isa = PBXBuildFile; fileRef = 85D1B2A71C664F5D005DC10B /* CFNetwork.framework */; };
		85D1B2B21C664F5D005DC10B /* CoreGraphics.framework in Frameworks */ = {isa = PBXBuildFile; fileRef = 85D1B2A81C664F5D005DC10B /* CoreGraphics.framework */; };
		85D1B2B31C664F5D005DC10B /* CoreLocation.framework in Frameworks */ = {isa = PBXBuildFile; fileRef = 85D1B2A91C664F5D005DC10B /* CoreLocation.framework */; };
		85D1B2B41C664F5D005DC10B /* libsqlite3.tbd in Frameworks */ = {isa = PBXBuildFile; fileRef = 85D1B2AA1C664F5D005DC10B /* libsqlite3.tbd */; };
		85D1B2B51C664F5D005DC10B /* libz.tbd in Frameworks */ = {isa = PBXBuildFile; fileRef = 85D1B2AB1C664F5D005DC10B /* libz.tbd */; };
		85D1B2B61C664F5D005DC10B /* QuartzCore.framework in Frameworks */ = {isa = PBXBuildFile; fileRef = 85D1B2AC1C664F5D005DC10B /* QuartzCore.framework */; };
		85D1B2B71C664F5D005DC10B /* Security.framework in Frameworks */ = {isa = PBXBuildFile; fileRef = 85D1B2AD1C664F5D005DC10B /* Security.framework */; };
		85D1B2B81C664F5D005DC10B /* StoreKit.framework in Frameworks */ = {isa = PBXBuildFile; fileRef = 85D1B2AE1C664F5D005DC10B /* StoreKit.framework */; };
		85D1B2B91C664F5D005DC10B /* SystemConfiguration.framework in Frameworks */ = {isa = PBXBuildFile; fileRef = 85D1B2AF1C664F5D005DC10B /* SystemConfiguration.framework */; };
		85D1B2BC1C665106005DC10B /* Slayer.swift in Sources */ = {isa = PBXBuildFile; fileRef = 85D1B2BB1C665106005DC10B /* Slayer.swift */; };
		85D1B2BE1C665390005DC10B /* ParseService.swift in Sources */ = {isa = PBXBuildFile; fileRef = 85D1B2BD1C665390005DC10B /* ParseService.swift */; };
		85D1B2C01C669246005DC10B /* AVAudioPlayerPool.swift in Sources */ = {isa = PBXBuildFile; fileRef = 85D1B2BF1C669246005DC10B /* AVAudioPlayerPool.swift */; };
		85D1B2C91C669576005DC10B /* axe.mp3 in Resources */ = {isa = PBXBuildFile; fileRef = 85D1B2C31C669576005DC10B /* axe.mp3 */; };
		85D1B2CB1C669576005DC10B /* camera.mp3 in Resources */ = {isa = PBXBuildFile; fileRef = 85D1B2C51C669576005DC10B /* camera.mp3 */; };
		85D1B2CD1C669576005DC10B /* pike.mp3 in Resources */ = {isa = PBXBuildFile; fileRef = 85D1B2C71C669576005DC10B /* pike.mp3 */; };
		85D75EF01C66C2070016CD24 /* nun.mp3 in Resources */ = {isa = PBXBuildFile; fileRef = 85D75EEF1C66C2070016CD24 /* nun.mp3 */; };
		85D75EF21C66C21A0016CD24 /* bat.mp3 in Resources */ = {isa = PBXBuildFile; fileRef = 85D75EF11C66C21A0016CD24 /* bat.mp3 */; };
		85D75EF41C66C2210016CD24 /* self-over.mp3 in Resources */ = {isa = PBXBuildFile; fileRef = 85D75EF31C66C2210016CD24 /* self-over.mp3 */; };
		85D75EF61C66C2990016CD24 /* boom.mp3 in Resources */ = {isa = PBXBuildFile; fileRef = 85D75EF51C66C2990016CD24 /* boom.mp3 */; };
		85D75EFB1C66D44D0016CD24 /* background-1.mp3 in Resources */ = {isa = PBXBuildFile; fileRef = 85D75EF71C66D44D0016CD24 /* background-1.mp3 */; };
		85D75EFC1C66D44D0016CD24 /* background-2.mp3 in Resources */ = {isa = PBXBuildFile; fileRef = 85D75EF81C66D44D0016CD24 /* background-2.mp3 */; };
		85D75EFD1C66D44D0016CD24 /* background-3.mp3 in Resources */ = {isa = PBXBuildFile; fileRef = 85D75EF91C66D44D0016CD24 /* background-3.mp3 */; };
		85D75EFE1C66D44D0016CD24 /* background-4.mp3 in Resources */ = {isa = PBXBuildFile; fileRef = 85D75EFA1C66D44D0016CD24 /* background-4.mp3 */; };
		85E7D1A91C62314100B2BC82 /* SpriteLayerC.m in Sources */ = {isa = PBXBuildFile; fileRef = 85E7D1A81C62314100B2BC82 /* SpriteLayerC.m */; };
/* End PBXBuildFile section */

/* Begin PBXFileReference section */
		8545B4B11C609F25008F2624 /* Selfie apocalypse.app */ = {isa = PBXFileReference; explicitFileType = wrapper.application; includeInIndex = 0; path = "Selfie apocalypse.app"; sourceTree = BUILT_PRODUCTS_DIR; };
		8545B4B41C609F25008F2624 /* AppDelegate.swift */ = {isa = PBXFileReference; lastKnownFileType = sourcecode.swift; path = AppDelegate.swift; sourceTree = "<group>"; };
		8545B4B61C609F25008F2624 /* GameController.swift */ = {isa = PBXFileReference; lastKnownFileType = sourcecode.swift; path = GameController.swift; sourceTree = "<group>"; };
		8545B4B91C609F25008F2624 /* Base */ = {isa = PBXFileReference; lastKnownFileType = file.storyboard; name = Base; path = Base.lproj/Main.storyboard; sourceTree = "<group>"; };
		8545B4BB1C609F25008F2624 /* Assets.xcassets */ = {isa = PBXFileReference; lastKnownFileType = folder.assetcatalog; path = Assets.xcassets; sourceTree = "<group>"; };
		8545B4BE1C609F25008F2624 /* Base */ = {isa = PBXFileReference; lastKnownFileType = file.storyboard; name = Base; path = Base.lproj/LaunchScreen.storyboard; sourceTree = "<group>"; };
		8545B4C01C609F25008F2624 /* Info.plist */ = {isa = PBXFileReference; lastKnownFileType = text.plist.xml; path = Info.plist; sourceTree = "<group>"; };
		8564962E1C653FB4002A3DFC /* SetSelfieController.swift */ = {isa = PBXFileReference; fileEncoding = 4; lastKnownFileType = sourcecode.swift; path = SetSelfieController.swift; sourceTree = "<group>"; };
		856496311C65429F002A3DFC /* DefaultKeys.swift */ = {isa = PBXFileReference; fileEncoding = 4; lastKnownFileType = sourcecode.swift; path = DefaultKeys.swift; sourceTree = "<group>"; };
		856F0D431C67425A0079E46D /* HowToSlayCell.xib */ = {isa = PBXFileReference; fileEncoding = 4; lastKnownFileType = file.xib; path = HowToSlayCell.xib; sourceTree = "<group>"; };
		856F0D451C67436A0079E46D /* HowToSlayCell.swift */ = {isa = PBXFileReference; fileEncoding = 4; lastKnownFileType = sourcecode.swift; path = HowToSlayCell.swift; sourceTree = "<group>"; };
		856F0D491C6760800079E46D /* SelfieSlayingSchoolController.swift */ = {isa = PBXFileReference; fileEncoding = 4; lastKnownFileType = sourcecode.swift; path = SelfieSlayingSchoolController.swift; sourceTree = "<group>"; };
		856F0D4B1C6761CE0079E46D /* SelfieSalyingWeaponDescription.swift */ = {isa = PBXFileReference; fileEncoding = 4; lastKnownFileType = sourcecode.swift; path = SelfieSalyingWeaponDescription.swift; sourceTree = "<group>"; };
		856F0D4D1C677F800079E46D /* SupremeSlayerCell.swift */ = {isa = PBXFileReference; fileEncoding = 4; lastKnownFileType = sourcecode.swift; path = SupremeSlayerCell.swift; sourceTree = "<group>"; };
		856F0D4F1C677FF10079E46D /* SupremeSlayerCell.xib */ = {isa = PBXFileReference; fileEncoding = 4; lastKnownFileType = file.xib; path = SupremeSlayerCell.xib; sourceTree = "<group>"; };
		856F0D521C678E220079E46D /* 8bit.ttf */ = {isa = PBXFileReference; lastKnownFileType = file; path = 8bit.ttf; sourceTree = "<group>"; };
		856F0D531C678E220079E46D /* CrimesTimesSix.ttf */ = {isa = PBXFileReference; lastKnownFileType = file; path = CrimesTimesSix.ttf; sourceTree = "<group>"; };
		856F0D561C6790BB0079E46D /* PixelOperatorMono8.ttf */ = {isa = PBXFileReference; lastKnownFileType = file; path = PixelOperatorMono8.ttf; sourceTree = "<group>"; };
		856F0D581C67912C0079E46D /* PixelOperator.ttf */ = {isa = PBXFileReference; lastKnownFileType = file; path = PixelOperator.ttf; sourceTree = "<group>"; };
		856F0D5B1C67AE170079E46D /* DCKit.h */ = {isa = PBXFileReference; fileEncoding = 4; lastKnownFileType = sourcecode.c.h; path = DCKit.h; sourceTree = "<group>"; };
		856F0D5D1C67AE170079E46D /* DCBaseButton.swift */ = {isa = PBXFileReference; fileEncoding = 4; lastKnownFileType = sourcecode.swift; path = DCBaseButton.swift; sourceTree = "<group>"; };
		856F0D5E1C67AE170079E46D /* DCBorderedButton.swift */ = {isa = PBXFileReference; fileEncoding = 4; lastKnownFileType = sourcecode.swift; path = DCBorderedButton.swift; sourceTree = "<group>"; };
		856F0D5F1C67AE170079E46D /* DCRoundedButton.swift */ = {isa = PBXFileReference; fileEncoding = 4; lastKnownFileType = sourcecode.swift; path = DCRoundedButton.swift; sourceTree = "<group>"; };
		856F0D611C67AE170079E46D /* DCBaseLabel.swift */ = {isa = PBXFileReference; fileEncoding = 4; lastKnownFileType = sourcecode.swift; path = DCBaseLabel.swift; sourceTree = "<group>"; };
		856F0D631C67AE170079E46D /* DCBaseTextField.swift */ = {isa = PBXFileReference; fileEncoding = 4; lastKnownFileType = sourcecode.swift; path = DCBaseTextField.swift; sourceTree = "<group>"; };
		856F0D641C67AE170079E46D /* DCBorderedTextField.swift */ = {isa = PBXFileReference; fileEncoding = 4; lastKnownFileType = sourcecode.swift; path = DCBorderedTextField.swift; sourceTree = "<group>"; };
		856F0D651C67AE170079E46D /* DCMandatoryEmailTextField.swift */ = {isa = PBXFileReference; fileEncoding = 4; lastKnownFileType = sourcecode.swift; path = DCMandatoryEmailTextField.swift; sourceTree = "<group>"; };
		856F0D661C67AE170079E46D /* DCMandatoryNumberTextField.swift */ = {isa = PBXFileReference; fileEncoding = 4; lastKnownFileType = sourcecode.swift; path = DCMandatoryNumberTextField.swift; sourceTree = "<group>"; };
		856F0D671C67AE170079E46D /* DCMandatoryTextField.swift */ = {isa = PBXFileReference; fileEncoding = 4; lastKnownFileType = sourcecode.swift; path = DCMandatoryTextField.swift; sourceTree = "<group>"; };
		856F0D681C67AE170079E46D /* DCPickerTextField.swift */ = {isa = PBXFileReference; fileEncoding = 4; lastKnownFileType = sourcecode.swift; path = DCPickerTextField.swift; sourceTree = "<group>"; };
		856F0D6A1C67AE170079E46D /* DCBaseTextView.swift */ = {isa = PBXFileReference; fileEncoding = 4; lastKnownFileType = sourcecode.swift; path = DCBaseTextView.swift; sourceTree = "<group>"; };
		856F0D6B1C67AE170079E46D /* DCBorderedTextView.swift */ = {isa = PBXFileReference; fileEncoding = 4; lastKnownFileType = sourcecode.swift; path = DCBorderedTextView.swift; sourceTree = "<group>"; };
		856F0D6C1C67AE170079E46D /* DCPlaceholderTextView.swift */ = {isa = PBXFileReference; fileEncoding = 4; lastKnownFileType = sourcecode.swift; path = DCPlaceholderTextView.swift; sourceTree = "<group>"; };
		856F0D6E1C67AE170079E46D /* DCBaseView.swift */ = {isa = PBXFileReference; fileEncoding = 4; lastKnownFileType = sourcecode.swift; path = DCBaseView.swift; sourceTree = "<group>"; };
		856F0D6F1C67AE170079E46D /* DCBorderedView.swift */ = {isa = PBXFileReference; fileEncoding = 4; lastKnownFileType = sourcecode.swift; path = DCBorderedView.swift; sourceTree = "<group>"; };
		856F0D701C67AE170079E46D /* DCCircleView.swift */ = {isa = PBXFileReference; fileEncoding = 4; lastKnownFileType = sourcecode.swift; path = DCCircleView.swift; sourceTree = "<group>"; };
		856F0D711C67AE170079E46D /* DCDashedBorderedView.swift */ = {isa = PBXFileReference; fileEncoding = 4; lastKnownFileType = sourcecode.swift; path = DCDashedBorderedView.swift; sourceTree = "<group>"; };
		856F0D721C67AE170079E46D /* DCHairlineView.swift */ = {isa = PBXFileReference; fileEncoding = 4; lastKnownFileType = sourcecode.swift; path = DCHairlineView.swift; sourceTree = "<group>"; };
		856F0D851C67BD460079E46D /* Exrensions.swift */ = {isa = PBXFileReference; fileEncoding = 4; lastKnownFileType = sourcecode.swift; path = Exrensions.swift; sourceTree = "<group>"; };
		856F0D881C67DC530079E46D /* selfie-sprite-brown.pdf */ = {isa = PBXFileReference; lastKnownFileType = image.pdf; path = "selfie-sprite-brown.pdf"; sourceTree = "<group>"; };
		856F0D891C67DC530079E46D /* selfie-sprite-gray.pdf */ = {isa = PBXFileReference; lastKnownFileType = image.pdf; path = "selfie-sprite-gray.pdf"; sourceTree = "<group>"; };
		856F0D8A1C67DC530079E46D /* selfie-sprite-yellow.pdf */ = {isa = PBXFileReference; lastKnownFileType = image.pdf; path = "selfie-sprite-yellow.pdf"; sourceTree = "<group>"; };
		856F0D911C67E41B0079E46D /* selfie-sprite-black.png */ = {isa = PBXFileReference; lastKnownFileType = image.png; path = "selfie-sprite-black.png"; sourceTree = "<group>"; };
		856F0D931C67E9E70079E46D /* selfie-sprite-black-cut.png */ = {isa = PBXFileReference; lastKnownFileType = image.png; path = "selfie-sprite-black-cut.png"; sourceTree = "<group>"; };
		856F0D951C67EE0E0079E46D /* selfie-torso-sprite-black.png */ = {isa = PBXFileReference; lastKnownFileType = image.png; path = "selfie-torso-sprite-black.png"; sourceTree = "<group>"; };
		856F0D971C67F0320079E46D /* selfie-torso-sprite-brown.png */ = {isa = PBXFileReference; lastKnownFileType = image.png; path = "selfie-torso-sprite-brown.png"; sourceTree = "<group>"; };
		856F0D981C67F0320079E46D /* selfie-torso-sprite-gray.png */ = {isa = PBXFileReference; lastKnownFileType = image.png; path = "selfie-torso-sprite-gray.png"; sourceTree = "<group>"; };
		856F0D991C67F0320079E46D /* selfie-torso-sprite-yellow.png */ = {isa = PBXFileReference; lastKnownFileType = image.png; path = "selfie-torso-sprite-yellow.png"; sourceTree = "<group>"; };
		85752FD41C62A84C00F38513 /* hearts-sprite.png */ = {isa = PBXFileReference; lastKnownFileType = image.png; path = "hearts-sprite.png"; sourceTree = "<group>"; };
		85791B5D1C61011D0087E258 /* LivesStatusBar.xib */ = {isa = PBXFileReference; fileEncoding = 4; lastKnownFileType = file.xib; path = LivesStatusBar.xib; sourceTree = "<group>"; };
		85791B5F1C6101790087E258 /* LivesStatusBar.swift */ = {isa = PBXFileReference; fileEncoding = 4; lastKnownFileType = sourcecode.swift; path = LivesStatusBar.swift; sourceTree = "<group>"; };
		85791B631C6118080087E258 /* GranadesStatusBar.xib */ = {isa = PBXFileReference; fileEncoding = 4; lastKnownFileType = file.xib; path = GranadesStatusBar.xib; sourceTree = "<group>"; };
		85791B661C61193A0087E258 /* GranadesStatusBar.swift */ = {isa = PBXFileReference; fileEncoding = 4; lastKnownFileType = sourcecode.swift; path = GranadesStatusBar.swift; sourceTree = "<group>"; };
		85791B6C1C61589D0087E258 /* bang-sprite.png */ = {isa = PBXFileReference; lastKnownFileType = image.png; path = "bang-sprite.png"; sourceTree = "<group>"; };
		85913CCC1C638CA00001F8F1 /* Selfie.swift */ = {isa = PBXFileReference; fileEncoding = 4; lastKnownFileType = sourcecode.swift; path = Selfie.swift; sourceTree = "<group>"; };
		85C579CD1C64DA6800C7002A /* Utils.swift */ = {isa = PBXFileReference; fileEncoding = 4; lastKnownFileType = sourcecode.swift; path = Utils.swift; sourceTree = "<group>"; };
		85C579CF1C64EE0500C7002A /* selfie-bang-sprite.png */ = {isa = PBXFileReference; lastKnownFileType = image.png; path = "selfie-bang-sprite.png"; sourceTree = "<group>"; };
		85D1B29B1C6619A0005DC10B /* SupremeSelfieSlayersController.swift */ = {isa = PBXFileReference; fileEncoding = 4; lastKnownFileType = sourcecode.swift; path = SupremeSelfieSlayersController.swift; sourceTree = "<group>"; };
		85D1B29D1C6619BD005DC10B /* GameOverController.swift */ = {isa = PBXFileReference; fileEncoding = 4; lastKnownFileType = sourcecode.swift; path = GameOverController.swift; sourceTree = "<group>"; };
		85D1B29F1C664E94005DC10B /* Bolts.framework */ = {isa = PBXFileReference; lastKnownFileType = wrapper.framework; name = Bolts.framework; path = Frameworks/Bolts.framework; sourceTree = "<group>"; };
		85D1B2A01C664E94005DC10B /* Parse.framework */ = {isa = PBXFileReference; lastKnownFileType = wrapper.framework; name = Parse.framework; path = Frameworks/Parse.framework; sourceTree = "<group>"; };
		85D1B2A11C664E94005DC10B /* ParseFacebookUtils.framework */ = {isa = PBXFileReference; lastKnownFileType = wrapper.framework; name = ParseFacebookUtils.framework; path = Frameworks/ParseFacebookUtils.framework; sourceTree = "<group>"; };
		85D1B2A61C664F5D005DC10B /* AudioToolbox.framework */ = {isa = PBXFileReference; lastKnownFileType = wrapper.framework; name = AudioToolbox.framework; path = System/Library/Frameworks/AudioToolbox.framework; sourceTree = SDKROOT; };
		85D1B2A71C664F5D005DC10B /* CFNetwork.framework */ = {isa = PBXFileReference; lastKnownFileType = wrapper.framework; name = CFNetwork.framework; path = System/Library/Frameworks/CFNetwork.framework; sourceTree = SDKROOT; };
		85D1B2A81C664F5D005DC10B /* CoreGraphics.framework */ = {isa = PBXFileReference; lastKnownFileType = wrapper.framework; name = CoreGraphics.framework; path = System/Library/Frameworks/CoreGraphics.framework; sourceTree = SDKROOT; };
		85D1B2A91C664F5D005DC10B /* CoreLocation.framework */ = {isa = PBXFileReference; lastKnownFileType = wrapper.framework; name = CoreLocation.framework; path = System/Library/Frameworks/CoreLocation.framework; sourceTree = SDKROOT; };
		85D1B2AA1C664F5D005DC10B /* libsqlite3.tbd */ = {isa = PBXFileReference; lastKnownFileType = "sourcecode.text-based-dylib-definition"; name = libsqlite3.tbd; path = usr/lib/libsqlite3.tbd; sourceTree = SDKROOT; };
		85D1B2AB1C664F5D005DC10B /* libz.tbd */ = {isa = PBXFileReference; lastKnownFileType = "sourcecode.text-based-dylib-definition"; name = libz.tbd; path = usr/lib/libz.tbd; sourceTree = SDKROOT; };
		85D1B2AC1C664F5D005DC10B /* QuartzCore.framework */ = {isa = PBXFileReference; lastKnownFileType = wrapper.framework; name = QuartzCore.framework; path = System/Library/Frameworks/QuartzCore.framework; sourceTree = SDKROOT; };
		85D1B2AD1C664F5D005DC10B /* Security.framework */ = {isa = PBXFileReference; lastKnownFileType = wrapper.framework; name = Security.framework; path = System/Library/Frameworks/Security.framework; sourceTree = SDKROOT; };
		85D1B2AE1C664F5D005DC10B /* StoreKit.framework */ = {isa = PBXFileReference; lastKnownFileType = wrapper.framework; name = StoreKit.framework; path = System/Library/Frameworks/StoreKit.framework; sourceTree = SDKROOT; };
		85D1B2AF1C664F5D005DC10B /* SystemConfiguration.framework */ = {isa = PBXFileReference; lastKnownFileType = wrapper.framework; name = SystemConfiguration.framework; path = System/Library/Frameworks/SystemConfiguration.framework; sourceTree = SDKROOT; };
		85D1B2BB1C665106005DC10B /* Slayer.swift */ = {isa = PBXFileReference; fileEncoding = 4; lastKnownFileType = sourcecode.swift; path = Slayer.swift; sourceTree = "<group>"; };
		85D1B2BD1C665390005DC10B /* ParseService.swift */ = {isa = PBXFileReference; fileEncoding = 4; lastKnownFileType = sourcecode.swift; path = ParseService.swift; sourceTree = "<group>"; };
		85D1B2BF1C669246005DC10B /* AVAudioPlayerPool.swift */ = {isa = PBXFileReference; fileEncoding = 4; lastKnownFileType = sourcecode.swift; path = AVAudioPlayerPool.swift; sourceTree = "<group>"; };
		85D1B2C31C669576005DC10B /* axe.mp3 */ = {isa = PBXFileReference; lastKnownFileType = audio.mp3; path = axe.mp3; sourceTree = "<group>"; };
		85D1B2C51C669576005DC10B /* camera.mp3 */ = {isa = PBXFileReference; lastKnownFileType = audio.mp3; path = camera.mp3; sourceTree = "<group>"; };
		85D1B2C71C669576005DC10B /* pike.mp3 */ = {isa = PBXFileReference; lastKnownFileType = audio.mp3; path = pike.mp3; sourceTree = "<group>"; };
		85D75EEF1C66C2070016CD24 /* nun.mp3 */ = {isa = PBXFileReference; lastKnownFileType = audio.mp3; path = nun.mp3; sourceTree = "<group>"; };
		85D75EF11C66C21A0016CD24 /* bat.mp3 */ = {isa = PBXFileReference; lastKnownFileType = audio.mp3; path = bat.mp3; sourceTree = "<group>"; };
		85D75EF31C66C2210016CD24 /* self-over.mp3 */ = {isa = PBXFileReference; lastKnownFileType = audio.mp3; path = "self-over.mp3"; sourceTree = "<group>"; };
		85D75EF51C66C2990016CD24 /* boom.mp3 */ = {isa = PBXFileReference; lastKnownFileType = audio.mp3; path = boom.mp3; sourceTree = "<group>"; };
		85D75EF71C66D44D0016CD24 /* background-1.mp3 */ = {isa = PBXFileReference; lastKnownFileType = audio.mp3; path = "background-1.mp3"; sourceTree = "<group>"; };
		85D75EF81C66D44D0016CD24 /* background-2.mp3 */ = {isa = PBXFileReference; lastKnownFileType = audio.mp3; path = "background-2.mp3"; sourceTree = "<group>"; };
		85D75EF91C66D44D0016CD24 /* background-3.mp3 */ = {isa = PBXFileReference; lastKnownFileType = audio.mp3; path = "background-3.mp3"; sourceTree = "<group>"; };
		85D75EFA1C66D44D0016CD24 /* background-4.mp3 */ = {isa = PBXFileReference; lastKnownFileType = audio.mp3; path = "background-4.mp3"; sourceTree = "<group>"; };
		85E7D1A71C62314100B2BC82 /* Selfie apocalypse-Bridging-Header.h */ = {isa = PBXFileReference; lastKnownFileType = sourcecode.c.h; path = "Selfie apocalypse-Bridging-Header.h"; sourceTree = "<group>"; };
		85E7D1A81C62314100B2BC82 /* SpriteLayerC.m */ = {isa = PBXFileReference; fileEncoding = 4; lastKnownFileType = sourcecode.c.objc; path = SpriteLayerC.m; sourceTree = "<group>"; };
		85E7D1AA1C62329A00B2BC82 /* SpriteLayerC.h */ = {isa = PBXFileReference; lastKnownFileType = sourcecode.c.h; path = SpriteLayerC.h; sourceTree = "<group>"; };
/* End PBXFileReference section */

/* Begin PBXFrameworksBuildPhase section */
		8545B4AE1C609F25008F2624 /* Frameworks */ = {
			isa = PBXFrameworksBuildPhase;
			buildActionMask = 2147483647;
			files = (
				85D1B2B01C664F5D005DC10B /* AudioToolbox.framework in Frameworks */,
				85D1B2B11C664F5D005DC10B /* CFNetwork.framework in Frameworks */,
				85D1B2B21C664F5D005DC10B /* CoreGraphics.framework in Frameworks */,
				85D1B2B31C664F5D005DC10B /* CoreLocation.framework in Frameworks */,
				85D1B2B41C664F5D005DC10B /* libsqlite3.tbd in Frameworks */,
				85D1B2B51C664F5D005DC10B /* libz.tbd in Frameworks */,
				85D1B2B61C664F5D005DC10B /* QuartzCore.framework in Frameworks */,
				85D1B2B71C664F5D005DC10B /* Security.framework in Frameworks */,
				85D1B2B81C664F5D005DC10B /* StoreKit.framework in Frameworks */,
				85D1B2B91C664F5D005DC10B /* SystemConfiguration.framework in Frameworks */,
				85D1B2A21C664E94005DC10B /* Bolts.framework in Frameworks */,
				85D1B2A31C664E94005DC10B /* Parse.framework in Frameworks */,
				85D1B2A41C664E94005DC10B /* ParseFacebookUtils.framework in Frameworks */,
			);
			runOnlyForDeploymentPostprocessing = 0;
		};
/* End PBXFrameworksBuildPhase section */

/* Begin PBXGroup section */
		8545B4A81C609F25008F2624 = {
			isa = PBXGroup;
			children = (
				85D1B2A51C664E9F005DC10B /* Frameworks */,
				8545B4B31C609F25008F2624 /* Selfie apocalypse */,
				8545B4B21C609F25008F2624 /* Products */,
			);
			sourceTree = "<group>";
		};
		8545B4B21C609F25008F2624 /* Products */ = {
			isa = PBXGroup;
			children = (
				8545B4B11C609F25008F2624 /* Selfie apocalypse.app */,
			);
			name = Products;
			sourceTree = "<group>";
		};
		8545B4B31C609F25008F2624 /* Selfie apocalypse */ = {
			isa = PBXGroup;
			children = (
				856F0D511C678D800079E46D /* Fonts */,
				85D1B2C11C6694CC005DC10B /* AudioFiles */,
				85D1B2BA1C6650CD005DC10B /* Models */,
				85D1B2981C661819005DC10B /* Controllers */,
				856496301C65426E002A3DFC /* Common */,
				85C579CC1C64DA2700C7002A /* Helpers */,
				85913CCE1C63A5C80001F8F1 /* Extensions */,
				85752F9D1C62549100F38513 /* AnimationsHelpers */,
				85752F9C1C62470D00F38513 /* SpritesAssets */,
				8545B4C61C609FA4008F2624 /* Views */,
				8545B4B41C609F25008F2624 /* AppDelegate.swift */,
				8545B4B81C609F25008F2624 /* Main.storyboard */,
				8545B4BB1C609F25008F2624 /* Assets.xcassets */,
				8545B4BD1C609F25008F2624 /* LaunchScreen.storyboard */,
				8545B4C01C609F25008F2624 /* Info.plist */,
				85E7D1A71C62314100B2BC82 /* Selfie apocalypse-Bridging-Header.h */,
			);
			path = "Selfie apocalypse";
			sourceTree = "<group>";
		};
		8545B4C61C609FA4008F2624 /* Views */ = {
			isa = PBXGroup;
			children = (
				856F0D421C67408F0079E46D /* TableCells */,
				85752FD61C63872700F38513 /* Selfie */,
				85791B651C6118960087E258 /* GranadesStatusBar */,
				85791B621C6117B30087E258 /* LivesStatusBar */,
			);
			name = Views;
			sourceTree = "<group>";
		};
		856496301C65426E002A3DFC /* Common */ = {
			isa = PBXGroup;
			children = (
				856496311C65429F002A3DFC /* DefaultKeys.swift */,
			);
			name = Common;
			sourceTree = "<group>";
		};
		856F0D421C67408F0079E46D /* TableCells */ = {
			isa = PBXGroup;
			children = (
				856F0D431C67425A0079E46D /* HowToSlayCell.xib */,
				856F0D451C67436A0079E46D /* HowToSlayCell.swift */,
				856F0D4D1C677F800079E46D /* SupremeSlayerCell.swift */,
				856F0D4F1C677FF10079E46D /* SupremeSlayerCell.xib */,
			);
			name = TableCells;
			sourceTree = "<group>";
		};
		856F0D511C678D800079E46D /* Fonts */ = {
			isa = PBXGroup;
			children = (
				856F0D581C67912C0079E46D /* PixelOperator.ttf */,
				856F0D561C6790BB0079E46D /* PixelOperatorMono8.ttf */,
				856F0D521C678E220079E46D /* 8bit.ttf */,
				856F0D531C678E220079E46D /* CrimesTimesSix.ttf */,
			);
			name = Fonts;
			sourceTree = "<group>";
		};
		856F0D5A1C67AE170079E46D /* DCKit */ = {
			isa = PBXGroup;
			children = (
				856F0D5B1C67AE170079E46D /* DCKit.h */,
				856F0D5C1C67AE170079E46D /* UIButtons */,
				856F0D601C67AE170079E46D /* UILabels */,
				856F0D621C67AE170079E46D /* UITextFields */,
				856F0D691C67AE170079E46D /* UITextViews */,
				856F0D6D1C67AE170079E46D /* UIViews */,
			);
			name = DCKit;
			path = Frameworks/DCKit;
			sourceTree = "<group>";
		};
		856F0D5C1C67AE170079E46D /* UIButtons */ = {
			isa = PBXGroup;
			children = (
				856F0D5D1C67AE170079E46D /* DCBaseButton.swift */,
				856F0D5E1C67AE170079E46D /* DCBorderedButton.swift */,
				856F0D5F1C67AE170079E46D /* DCRoundedButton.swift */,
			);
			path = UIButtons;
			sourceTree = "<group>";
		};
		856F0D601C67AE170079E46D /* UILabels */ = {
			isa = PBXGroup;
			children = (
				856F0D611C67AE170079E46D /* DCBaseLabel.swift */,
			);
			path = UILabels;
			sourceTree = "<group>";
		};
		856F0D621C67AE170079E46D /* UITextFields */ = {
			isa = PBXGroup;
			children = (
				856F0D631C67AE170079E46D /* DCBaseTextField.swift */,
				856F0D641C67AE170079E46D /* DCBorderedTextField.swift */,
				856F0D651C67AE170079E46D /* DCMandatoryEmailTextField.swift */,
				856F0D661C67AE170079E46D /* DCMandatoryNumberTextField.swift */,
				856F0D671C67AE170079E46D /* DCMandatoryTextField.swift */,
				856F0D681C67AE170079E46D /* DCPickerTextField.swift */,
			);
			path = UITextFields;
			sourceTree = "<group>";
		};
		856F0D691C67AE170079E46D /* UITextViews */ = {
			isa = PBXGroup;
			children = (
				856F0D6A1C67AE170079E46D /* DCBaseTextView.swift */,
				856F0D6B1C67AE170079E46D /* DCBorderedTextView.swift */,
				856F0D6C1C67AE170079E46D /* DCPlaceholderTextView.swift */,
			);
			path = UITextViews;
			sourceTree = "<group>";
		};
		856F0D6D1C67AE170079E46D /* UIViews */ = {
			isa = PBXGroup;
			children = (
				856F0D6E1C67AE170079E46D /* DCBaseView.swift */,
				856F0D6F1C67AE170079E46D /* DCBorderedView.swift */,
				856F0D701C67AE170079E46D /* DCCircleView.swift */,
				856F0D711C67AE170079E46D /* DCDashedBorderedView.swift */,
				856F0D721C67AE170079E46D /* DCHairlineView.swift */,
			);
			path = UIViews;
			sourceTree = "<group>";
		};
		85752F9C1C62470D00F38513 /* SpritesAssets */ = {
			isa = PBXGroup;
			children = (
				856F0D971C67F0320079E46D /* selfie-torso-sprite-brown.png */,
				856F0D981C67F0320079E46D /* selfie-torso-sprite-gray.png */,
				856F0D991C67F0320079E46D /* selfie-torso-sprite-yellow.png */,
				856F0D951C67EE0E0079E46D /* selfie-torso-sprite-black.png */,
				856F0D931C67E9E70079E46D /* selfie-sprite-black-cut.png */,
				856F0D911C67E41B0079E46D /* selfie-sprite-black.png */,
				856F0D881C67DC530079E46D /* selfie-sprite-brown.pdf */,
				856F0D891C67DC530079E46D /* selfie-sprite-gray.pdf */,
				856F0D8A1C67DC530079E46D /* selfie-sprite-yellow.pdf */,
				85C579CF1C64EE0500C7002A /* selfie-bang-sprite.png */,
				85752FD41C62A84C00F38513 /* hearts-sprite.png */,
				85791B6C1C61589D0087E258 /* bang-sprite.png */,
			);
			name = SpritesAssets;
			sourceTree = "<group>";
		};
		85752F9D1C62549100F38513 /* AnimationsHelpers */ = {
			isa = PBXGroup;
			children = (
				85E7D1A81C62314100B2BC82 /* SpriteLayerC.m */,
				85E7D1AA1C62329A00B2BC82 /* SpriteLayerC.h */,
			);
			name = AnimationsHelpers;
			sourceTree = "<group>";
		};
		85752FD61C63872700F38513 /* Selfie */ = {
			isa = PBXGroup;
			children = (
				85913CCC1C638CA00001F8F1 /* Selfie.swift */,
			);
			name = Selfie;
			sourceTree = "<group>";
		};
		85791B621C6117B30087E258 /* LivesStatusBar */ = {
			isa = PBXGroup;
			children = (
				85791B5D1C61011D0087E258 /* LivesStatusBar.xib */,
				85791B5F1C6101790087E258 /* LivesStatusBar.swift */,
			);
			name = LivesStatusBar;
			sourceTree = "<group>";
		};
		85791B651C6118960087E258 /* GranadesStatusBar */ = {
			isa = PBXGroup;
			children = (
				85791B631C6118080087E258 /* GranadesStatusBar.xib */,
				85791B661C61193A0087E258 /* GranadesStatusBar.swift */,
			);
			name = GranadesStatusBar;
			sourceTree = "<group>";
		};
		85913CCE1C63A5C80001F8F1 /* Extensions */ = {
			isa = PBXGroup;
			children = (
				856F0D851C67BD460079E46D /* Exrensions.swift */,
			);
			name = Extensions;
			sourceTree = "<group>";
		};
		85C579CC1C64DA2700C7002A /* Helpers */ = {
			isa = PBXGroup;
			children = (
				85C579CD1C64DA6800C7002A /* Utils.swift */,
				85D1B2BD1C665390005DC10B /* ParseService.swift */,
				85D1B2BF1C669246005DC10B /* AVAudioPlayerPool.swift */,
			);
			name = Helpers;
			sourceTree = "<group>";
		};
		85D1B2981C661819005DC10B /* Controllers */ = {
			isa = PBXGroup;
			children = (
				8545B4B61C609F25008F2624 /* GameController.swift */,
				8564962E1C653FB4002A3DFC /* SetSelfieController.swift */,
				85D1B29B1C6619A0005DC10B /* SupremeSelfieSlayersController.swift */,
				85D1B29D1C6619BD005DC10B /* GameOverController.swift */,
				856F0D491C6760800079E46D /* SelfieSlayingSchoolController.swift */,
			);
			name = Controllers;
			sourceTree = "<group>";
		};
		85D1B2A51C664E9F005DC10B /* Frameworks */ = {
			isa = PBXGroup;
			children = (
				856F0D5A1C67AE170079E46D /* DCKit */,
				85D1B2A61C664F5D005DC10B /* AudioToolbox.framework */,
				85D1B2A71C664F5D005DC10B /* CFNetwork.framework */,
				85D1B2A81C664F5D005DC10B /* CoreGraphics.framework */,
				85D1B2A91C664F5D005DC10B /* CoreLocation.framework */,
				85D1B2AA1C664F5D005DC10B /* libsqlite3.tbd */,
				85D1B2AB1C664F5D005DC10B /* libz.tbd */,
				85D1B2AC1C664F5D005DC10B /* QuartzCore.framework */,
				85D1B2AD1C664F5D005DC10B /* Security.framework */,
				85D1B2AE1C664F5D005DC10B /* StoreKit.framework */,
				85D1B2AF1C664F5D005DC10B /* SystemConfiguration.framework */,
				85D1B29F1C664E94005DC10B /* Bolts.framework */,
				85D1B2A01C664E94005DC10B /* Parse.framework */,
				85D1B2A11C664E94005DC10B /* ParseFacebookUtils.framework */,
			);
			name = Frameworks;
			sourceTree = "<group>";
		};
		85D1B2BA1C6650CD005DC10B /* Models */ = {
			isa = PBXGroup;
			children = (
				85D1B2BB1C665106005DC10B /* Slayer.swift */,
				856F0D4B1C6761CE0079E46D /* SelfieSalyingWeaponDescription.swift */,
			);
			name = Models;
			sourceTree = "<group>";
		};
		85D1B2C11C6694CC005DC10B /* AudioFiles */ = {
			isa = PBXGroup;
			children = (
				85D75EF71C66D44D0016CD24 /* background-1.mp3 */,
				85D75EF81C66D44D0016CD24 /* background-2.mp3 */,
				85D75EF91C66D44D0016CD24 /* background-3.mp3 */,
				85D75EFA1C66D44D0016CD24 /* background-4.mp3 */,
				85D75EF51C66C2990016CD24 /* boom.mp3 */,
				85D75EF31C66C2210016CD24 /* self-over.mp3 */,
				85D75EF11C66C21A0016CD24 /* bat.mp3 */,
				85D75EEF1C66C2070016CD24 /* nun.mp3 */,
				85D1B2C31C669576005DC10B /* axe.mp3 */,
				85D1B2C51C669576005DC10B /* camera.mp3 */,
				85D1B2C71C669576005DC10B /* pike.mp3 */,
			);
			name = AudioFiles;
			sourceTree = "<group>";
		};
/* End PBXGroup section */

/* Begin PBXNativeTarget section */
		8545B4B01C609F25008F2624 /* Selfie apocalypse */ = {
			isa = PBXNativeTarget;
			buildConfigurationList = 8545B4C31C609F25008F2624 /* Build configuration list for PBXNativeTarget "Selfie apocalypse" */;
			buildPhases = (
				8545B4AD1C609F25008F2624 /* Sources */,
				8545B4AE1C609F25008F2624 /* Frameworks */,
				8545B4AF1C609F25008F2624 /* Resources */,
			);
			buildRules = (
			);
			dependencies = (
			);
			name = "Selfie apocalypse";
			productName = "Selfie apocalypse";
			productReference = 8545B4B11C609F25008F2624 /* Selfie apocalypse.app */;
			productType = "com.apple.product-type.application";
		};
/* End PBXNativeTarget section */

/* Begin PBXProject section */
		8545B4A91C609F25008F2624 /* Project object */ = {
			isa = PBXProject;
			attributes = {
				LastSwiftUpdateCheck = 0720;
				LastUpgradeCheck = 0720;
				ORGANIZATIONNAME = "Ivo Paounov";
				TargetAttributes = {
					8545B4B01C609F25008F2624 = {
						CreatedOnToolsVersion = 7.2;
					};
				};
			};
			buildConfigurationList = 8545B4AC1C609F25008F2624 /* Build configuration list for PBXProject "Selfie apocalypse" */;
			compatibilityVersion = "Xcode 3.2";
			developmentRegion = English;
			hasScannedForEncodings = 0;
			knownRegions = (
				en,
				Base,
			);
			mainGroup = 8545B4A81C609F25008F2624;
			productRefGroup = 8545B4B21C609F25008F2624 /* Products */;
			projectDirPath = "";
			projectRoot = "";
			targets = (
				8545B4B01C609F25008F2624 /* Selfie apocalypse */,
			);
		};
/* End PBXProject section */

/* Begin PBXResourcesBuildPhase section */
		8545B4AF1C609F25008F2624 /* Resources */ = {
			isa = PBXResourcesBuildPhase;
			buildActionMask = 2147483647;
			files = (
				856F0D8C1C67DC530079E46D /* selfie-sprite-brown.pdf in Resources */,
				85791B6D1C61589D0087E258 /* bang-sprite.png in Resources */,
				85D1B2CB1C669576005DC10B /* camera.mp3 in Resources */,
				856F0D501C677FF10079E46D /* SupremeSlayerCell.xib in Resources */,
				856F0D8E1C67DC530079E46D /* selfie-sprite-yellow.pdf in Resources */,
				856F0D9A1C67F0320079E46D /* selfie-torso-sprite-brown.png in Resources */,
				85D75EFC1C66D44D0016CD24 /* background-2.mp3 in Resources */,
				856F0D9B1C67F0320079E46D /* selfie-torso-sprite-gray.png in Resources */,
				8545B4BF1C609F25008F2624 /* LaunchScreen.storyboard in Resources */,
				85D75EFD1C66D44D0016CD24 /* background-3.mp3 in Resources */,
				856F0D551C678E220079E46D /* CrimesTimesSix.ttf in Resources */,
				85D75EF61C66C2990016CD24 /* boom.mp3 in Resources */,
				85C579D01C64EE0500C7002A /* selfie-bang-sprite.png in Resources */,
				85D1B2CD1C669576005DC10B /* pike.mp3 in Resources */,
				85D75EF41C66C2210016CD24 /* self-over.mp3 in Resources */,
				85D75EF01C66C2070016CD24 /* nun.mp3 in Resources */,
				85752FD51C62A84C00F38513 /* hearts-sprite.png in Resources */,
				85D75EF21C66C21A0016CD24 /* bat.mp3 in Resources */,
				8545B4BC1C609F25008F2624 /* Assets.xcassets in Resources */,
				856F0D441C67425A0079E46D /* HowToSlayCell.xib in Resources */,
				856F0D961C67EE0E0079E46D /* selfie-torso-sprite-black.png in Resources */,
				856F0D541C678E220079E46D /* 8bit.ttf in Resources */,
				856F0D8D1C67DC530079E46D /* selfie-sprite-gray.pdf in Resources */,
				856F0D571C6790BB0079E46D /* PixelOperatorMono8.ttf in Resources */,
				856F0D921C67E41B0079E46D /* selfie-sprite-black.png in Resources */,
				8545B4BA1C609F25008F2624 /* Main.storyboard in Resources */,
				85D75EFB1C66D44D0016CD24 /* background-1.mp3 in Resources */,
				856F0D591C67912C0079E46D /* PixelOperator.ttf in Resources */,
				856F0D941C67E9E70079E46D /* selfie-sprite-black-cut.png in Resources */,
				85D1B2C91C669576005DC10B /* axe.mp3 in Resources */,
				85791B641C6118080087E258 /* GranadesStatusBar.xib in Resources */,
				85791B5E1C61011D0087E258 /* LivesStatusBar.xib in Resources */,
				856F0D9C1C67F0320079E46D /* selfie-torso-sprite-yellow.png in Resources */,
				85D75EFE1C66D44D0016CD24 /* background-4.mp3 in Resources */,
			);
			runOnlyForDeploymentPostprocessing = 0;
		};
/* End PBXResourcesBuildPhase section */

/* Begin PBXSourcesBuildPhase section */
		8545B4AD1C609F25008F2624 /* Sources */ = {
			isa = PBXSourcesBuildPhase;
			buildActionMask = 2147483647;
			files = (
				856F0D7C1C67AE170079E46D /* DCPickerTextField.swift in Sources */,
				856F0D7E1C67AE170079E46D /* DCBorderedTextView.swift in Sources */,
				85791B671C61193A0087E258 /* GranadesStatusBar.swift in Sources */,
				856F0D821C67AE170079E46D /* DCCircleView.swift in Sources */,
				856F0D831C67AE170079E46D /* DCDashedBorderedView.swift in Sources */,
				856F0D4A1C6760800079E46D /* SelfieSlayingSchoolController.swift in Sources */,
				856F0D761C67AE170079E46D /* DCBaseLabel.swift in Sources */,
				856F0D791C67AE170079E46D /* DCMandatoryEmailTextField.swift in Sources */,
				856F0D811C67AE170079E46D /* DCBorderedView.swift in Sources */,
				85791B601C6101790087E258 /* LivesStatusBar.swift in Sources */,
				85D1B29E1C6619BD005DC10B /* GameOverController.swift in Sources */,
				856F0D801C67AE170079E46D /* DCBaseView.swift in Sources */,
				85D1B2BC1C665106005DC10B /* Slayer.swift in Sources */,
				8545B4B71C609F25008F2624 /* GameController.swift in Sources */,
				85E7D1A91C62314100B2BC82 /* SpriteLayerC.m in Sources */,
				856F0D4E1C677F800079E46D /* SupremeSlayerCell.swift in Sources */,
				856F0D751C67AE170079E46D /* DCRoundedButton.swift in Sources */,
				856F0D4C1C6761CE0079E46D /* SelfieSalyingWeaponDescription.swift in Sources */,
				856F0D781C67AE170079E46D /* DCBorderedTextField.swift in Sources */,
				85D1B29C1C6619A0005DC10B /* SupremeSelfieSlayersController.swift in Sources */,
				8564962F1C653FB4002A3DFC /* SetSelfieController.swift in Sources */,
				856F0D731C67AE170079E46D /* DCBaseButton.swift in Sources */,
				856F0D7B1C67AE170079E46D /* DCMandatoryTextField.swift in Sources */,
				856F0D861C67BD460079E46D /* Exrensions.swift in Sources */,
				856F0D7D1C67AE170079E46D /* DCBaseTextView.swift in Sources */,
				85D1B2C01C669246005DC10B /* AVAudioPlayerPool.swift in Sources */,
				856F0D841C67AE170079E46D /* DCHairlineView.swift in Sources */,
				856496321C65429F002A3DFC /* DefaultKeys.swift in Sources */,
				856F0D7A1C67AE170079E46D /* DCMandatoryNumberTextField.swift in Sources */,
				8545B4B51C609F25008F2624 /* AppDelegate.swift in Sources */,
				85913CCD1C638CA00001F8F1 /* Selfie.swift in Sources */,
				856F0D461C67436A0079E46D /* HowToSlayCell.swift in Sources */,
				856F0D7F1C67AE170079E46D /* DCPlaceholderTextView.swift in Sources */,
				85D1B2BE1C665390005DC10B /* ParseService.swift in Sources */,
				856F0D771C67AE170079E46D /* DCBaseTextField.swift in Sources */,
				85C579CE1C64DA6800C7002A /* Utils.swift in Sources */,
				856F0D741C67AE170079E46D /* DCBorderedButton.swift in Sources */,
			);
			runOnlyForDeploymentPostprocessing = 0;
		};
/* End PBXSourcesBuildPhase section */

/* Begin PBXVariantGroup section */
		8545B4B81C609F25008F2624 /* Main.storyboard */ = {
			isa = PBXVariantGroup;
			children = (
				8545B4B91C609F25008F2624 /* Base */,
			);
			name = Main.storyboard;
			sourceTree = "<group>";
		};
		8545B4BD1C609F25008F2624 /* LaunchScreen.storyboard */ = {
			isa = PBXVariantGroup;
			children = (
				8545B4BE1C609F25008F2624 /* Base */,
			);
			name = LaunchScreen.storyboard;
			sourceTree = "<group>";
		};
/* End PBXVariantGroup section */

/* Begin XCBuildConfiguration section */
		8545B4C11C609F25008F2624 /* Debug */ = {
			isa = XCBuildConfiguration;
			buildSettings = {
				ALWAYS_SEARCH_USER_PATHS = NO;
				CLANG_CXX_LANGUAGE_STANDARD = "gnu++0x";
				CLANG_CXX_LIBRARY = "libc++";
				CLANG_ENABLE_MODULES = YES;
				CLANG_ENABLE_OBJC_ARC = YES;
				CLANG_WARN_BOOL_CONVERSION = YES;
				CLANG_WARN_CONSTANT_CONVERSION = YES;
				CLANG_WARN_DIRECT_OBJC_ISA_USAGE = YES_ERROR;
				CLANG_WARN_EMPTY_BODY = YES;
				CLANG_WARN_ENUM_CONVERSION = YES;
				CLANG_WARN_INT_CONVERSION = YES;
				CLANG_WARN_OBJC_ROOT_CLASS = YES_ERROR;
				CLANG_WARN_UNREACHABLE_CODE = YES;
				CLANG_WARN__DUPLICATE_METHOD_MATCH = YES;
				"CODE_SIGN_IDENTITY[sdk=iphoneos*]" = "iPhone Developer";
				COPY_PHASE_STRIP = NO;
				DEBUG_INFORMATION_FORMAT = dwarf;
				ENABLE_STRICT_OBJC_MSGSEND = YES;
				ENABLE_TESTABILITY = YES;
				GCC_C_LANGUAGE_STANDARD = gnu99;
				GCC_DYNAMIC_NO_PIC = NO;
				GCC_NO_COMMON_BLOCKS = YES;
				GCC_OPTIMIZATION_LEVEL = 0;
				GCC_PREPROCESSOR_DEFINITIONS = (
					"DEBUG=1",
					"$(inherited)",
				);
				GCC_WARN_64_TO_32_BIT_CONVERSION = YES;
				GCC_WARN_ABOUT_RETURN_TYPE = YES_ERROR;
				GCC_WARN_UNDECLARED_SELECTOR = YES;
				GCC_WARN_UNINITIALIZED_AUTOS = YES_AGGRESSIVE;
				GCC_WARN_UNUSED_FUNCTION = YES;
				GCC_WARN_UNUSED_VARIABLE = YES;
				IPHONEOS_DEPLOYMENT_TARGET = 9.2;
				MTL_ENABLE_DEBUG_INFO = YES;
				ONLY_ACTIVE_ARCH = YES;
				SDKROOT = iphoneos;
				SWIFT_OPTIMIZATION_LEVEL = "-Onone";
			};
			name = Debug;
		};
		8545B4C21C609F25008F2624 /* Release */ = {
			isa = XCBuildConfiguration;
			buildSettings = {
				ALWAYS_SEARCH_USER_PATHS = NO;
				CLANG_CXX_LANGUAGE_STANDARD = "gnu++0x";
				CLANG_CXX_LIBRARY = "libc++";
				CLANG_ENABLE_MODULES = YES;
				CLANG_ENABLE_OBJC_ARC = YES;
				CLANG_WARN_BOOL_CONVERSION = YES;
				CLANG_WARN_CONSTANT_CONVERSION = YES;
				CLANG_WARN_DIRECT_OBJC_ISA_USAGE = YES_ERROR;
				CLANG_WARN_EMPTY_BODY = YES;
				CLANG_WARN_ENUM_CONVERSION = YES;
				CLANG_WARN_INT_CONVERSION = YES;
				CLANG_WARN_OBJC_ROOT_CLASS = YES_ERROR;
				CLANG_WARN_UNREACHABLE_CODE = YES;
				CLANG_WARN__DUPLICATE_METHOD_MATCH = YES;
				"CODE_SIGN_IDENTITY[sdk=iphoneos*]" = "iPhone Developer";
				COPY_PHASE_STRIP = NO;
				DEBUG_INFORMATION_FORMAT = "dwarf-with-dsym";
				ENABLE_NS_ASSERTIONS = NO;
				ENABLE_STRICT_OBJC_MSGSEND = YES;
				GCC_C_LANGUAGE_STANDARD = gnu99;
				GCC_NO_COMMON_BLOCKS = YES;
				GCC_WARN_64_TO_32_BIT_CONVERSION = YES;
				GCC_WARN_ABOUT_RETURN_TYPE = YES_ERROR;
				GCC_WARN_UNDECLARED_SELECTOR = YES;
				GCC_WARN_UNINITIALIZED_AUTOS = YES_AGGRESSIVE;
				GCC_WARN_UNUSED_FUNCTION = YES;
				GCC_WARN_UNUSED_VARIABLE = YES;
				IPHONEOS_DEPLOYMENT_TARGET = 9.2;
				MTL_ENABLE_DEBUG_INFO = NO;
				SDKROOT = iphoneos;
				VALIDATE_PRODUCT = YES;
			};
			name = Release;
		};
		8545B4C41C609F25008F2624 /* Debug */ = {
			isa = XCBuildConfiguration;
			buildSettings = {
				ASSETCATALOG_COMPILER_APPICON_NAME = AppIcon;
				CLANG_ENABLE_MODULES = YES;
				FRAMEWORK_SEARCH_PATHS = (
					"$(inherited)",
					"$(PROJECT_DIR)/Frameworks",
				);
				INFOPLIST_FILE = "Selfie apocalypse/Info.plist";
				LD_RUNPATH_SEARCH_PATHS = "$(inherited) @executable_path/Frameworks";
				PRODUCT_BUNDLE_IDENTIFIER = "com.ivo-paounov.selfieapocalipse.Selfie-apocalypse";
				PRODUCT_NAME = "$(TARGET_NAME)";
				SWIFT_OBJC_BRIDGING_HEADER = "Selfie apocalypse/Selfie apocalypse-Bridging-Header.h";
				SWIFT_OPTIMIZATION_LEVEL = "-Onone";
			};
			name = Debug;
		};
		8545B4C51C609F25008F2624 /* Release */ = {
			isa = XCBuildConfiguration;
			buildSettings = {
				ASSETCATALOG_COMPILER_APPICON_NAME = AppIcon;
				CLANG_ENABLE_MODULES = YES;
				FRAMEWORK_SEARCH_PATHS = (
					"$(inherited)",
					"$(PROJECT_DIR)/Frameworks",
				);
				INFOPLIST_FILE = "Selfie apocalypse/Info.plist";
				LD_RUNPATH_SEARCH_PATHS = "$(inherited) @executable_path/Frameworks";
				PRODUCT_BUNDLE_IDENTIFIER = "com.ivo-paounov.selfieapocalipse.Selfie-apocalypse";
				PRODUCT_NAME = "$(TARGET_NAME)";
				SWIFT_OBJC_BRIDGING_HEADER = "Selfie apocalypse/Selfie apocalypse-Bridging-Header.h";
			};
			name = Release;
		};
/* End XCBuildConfiguration section */

/* Begin XCConfigurationList section */
		8545B4AC1C609F25008F2624 /* Build configuration list for PBXProject "Selfie apocalypse" */ = {
			isa = XCConfigurationList;
			buildConfigurations = (
				8545B4C11C609F25008F2624 /* Debug */,
				8545B4C21C609F25008F2624 /* Release */,
			);
			defaultConfigurationIsVisible = 0;
			defaultConfigurationName = Release;
		};
		8545B4C31C609F25008F2624 /* Build configuration list for PBXNativeTarget "Selfie apocalypse" */ = {
			isa = XCConfigurationList;
			buildConfigurations = (
				8545B4C41C609F25008F2624 /* Debug */,
				8545B4C51C609F25008F2624 /* Release */,
			);
			defaultConfigurationIsVisible = 0;
			defaultConfigurationName = Release;
		};
/* End XCConfigurationList section */
	};
	rootObject = 8545B4A91C609F25008F2624 /* Project object */;
}
